
Microsoft Visual Studio Solution File, Format Version 12.00
# Visual Studio Version 17
VisualStudioVersion = 17.10.34916.146
MinimumVisualStudioVersion = 10.0.40219.1
Project("{FAE04EC0-301F-11D3-BF4B-00C04F79EFBC}") = "Client", "Client\Client.csproj", "{F96D8229-BF81-4C4A-BE55-ADA7F9F60E80}"
EndProject
Project("{FAE04EC0-301F-11D3-BF4B-00C04F79EFBC}") = "Server", "Server\Server.csproj", "{0C94591D-C059-4D57-ACC9-747CFAC43C54}"
EndProject
Global
	GlobalSection(SolutionConfigurationPlatforms) = preSolution
		Debug|Any CPU = Debug|Any CPU
		Release|Any CPU = Release|Any CPU
	EndGlobalSection
	GlobalSection(ProjectConfigurationPlatforms) = postSolution
		{F96D8229-BF81-4C4A-BE55-ADA7F9F60E80}.Debug|Any CPU.ActiveCfg = Debug|Any CPU
		{F96D8229-BF81-4C4A-BE55-ADA7F9F60E80}.Debug|Any CPU.Build.0 = Debug|Any CPU
		{F96D8229-BF81-4C4A-BE55-ADA7F9F60E80}.Release|Any CPU.ActiveCfg = Release|Any CPU
		{F96D8229-BF81-4C4A-BE55-ADA7F9F60E80}.Release|Any CPU.Build.0 = Release|Any CPU
		{0C94591D-C059-4D57-ACC9-747CFAC43C54}.Debug|Any CPU.ActiveCfg = Debug|Any CPU
		{0C94591D-C059-4D57-ACC9-747CFAC43C54}.Debug|Any CPU.Build.0 = Debug|Any CPU
		{0C94591D-C059-4D57-ACC9-747CFAC43C54}.Release|Any CPU.ActiveCfg = Release|Any CPU
		{0C94591D-C059-4D57-ACC9-747CFAC43C54}.Release|Any CPU.Build.0 = Release|Any CPU
	EndGlobalSection
	GlobalSection(SolutionProperties) = preSolution
		HideSolutionNode = FALSE
	EndGlobalSection
	GlobalSection(ExtensibilityGlobals) = postSolution
		SolutionGuid = {6015FD67-769F-4C2F-BBED-ECA990D1791E}
	EndGlobalSection
EndGlobal
