
Microsoft Visual Studio Solution File, Format Version 12.00
# Visual Studio Version 17
VisualStudioVersion = 17.8.34330.188
MinimumVisualStudioVersion = 10.0.40219.1
Project("{FAE04EC0-301F-11D3-BF4B-00C04F79EFBC}") = "LR5", "LR5\LR5.csproj", "{6505A08E-4561-4177-984E-A5A743DDD968}"
EndProject
Global
	GlobalSection(SolutionConfigurationPlatforms) = preSolution
		Debug|Any CPU = Debug|Any CPU
		Release|Any CPU = Release|Any CPU
	EndGlobalSection
	GlobalSection(ProjectConfigurationPlatforms) = postSolution
		{6505A08E-4561-4177-984E-A5A743DDD968}.Debug|Any CPU.ActiveCfg = Debug|Any CPU
		{6505A08E-4561-4177-984E-A5A743DDD968}.Debug|Any CPU.Build.0 = Debug|Any CPU
		{6505A08E-4561-4177-984E-A5A743DDD968}.Release|Any CPU.ActiveCfg = Release|Any CPU
		{6505A08E-4561-4177-984E-A5A743DDD968}.Release|Any CPU.Build.0 = Release|Any CPU
	EndGlobalSection
	GlobalSection(SolutionProperties) = preSolution
		HideSolutionNode = FALSE
	EndGlobalSection
	GlobalSection(ExtensibilityGlobals) = postSolution
		SolutionGuid = {38391084-DB49-485B-BC06-F02A994A365B}
	EndGlobalSection
EndGlobal
