
Microsoft Visual Studio Solution File, Format Version 12.00
# Visual Studio Version 17
VisualStudioVersion = 17.10.34916.146
MinimumVisualStudioVersion = 10.0.40219.1
Project("{FAE04EC0-301F-11D3-BF4B-00C04F79EFBC}") = "LR13", "LR13\LR13.csproj", "{02175415-A936-4B2D-85B7-76283A456465}"
EndProject
Global
	GlobalSection(SolutionConfigurationPlatforms) = preSolution
		Debug|Any CPU = Debug|Any CPU
		Release|Any CPU = Release|Any CPU
	EndGlobalSection
	GlobalSection(ProjectConfigurationPlatforms) = postSolution
		{02175415-A936-4B2D-85B7-76283A456465}.Debug|Any CPU.ActiveCfg = Debug|Any CPU
		{02175415-A936-4B2D-85B7-76283A456465}.Debug|Any CPU.Build.0 = Debug|Any CPU
		{02175415-A936-4B2D-85B7-76283A456465}.Release|Any CPU.ActiveCfg = Release|Any CPU
		{02175415-A936-4B2D-85B7-76283A456465}.Release|Any CPU.Build.0 = Release|Any CPU
	EndGlobalSection
	GlobalSection(SolutionProperties) = preSolution
		HideSolutionNode = FALSE
	EndGlobalSection
	GlobalSection(ExtensibilityGlobals) = postSolution
		SolutionGuid = {5E131CEF-D56E-42FD-9767-3C840EC4FB3E}
	EndGlobalSection
EndGlobal
